
Microsoft Visual Studio Solution File, Format Version 12.00
# Visual Studio Version 17
VisualStudioVersion = 17.0.31903.59
MinimumVisualStudioVersion = 10.0.40219.1
Project("{2150E333-8FDC-42A3-9474-1A3956D46DE8}") = "Web", "Web", "{256F4E96-6A73-9ABE-786F-840C672A50F4}"
EndProject
Project("{FAE04EC0-301F-11D3-BF4B-00C04F79EFBC}") = "BoutiqueEnLigne.Web", "src\Web\BoutiqueEnLigne.Web\BoutiqueEnLigne.Web.csproj", "{8DA06D0A-6E15-4491-8671-18B3AFC97539}"
EndProject
Project("{2150E333-8FDC-42A3-9474-1A3956D46DE8}") = "Gateway", "Gateway", "{E7BDDBC6-9FD1-D1D7-ACD8-2C4F8E3D2461}"
EndProject
Project("{FAE04EC0-301F-11D3-BF4B-00C04F79EFBC}") = "BoutiqueEnLigne.Gateway", "src\Gateway\BoutiqueEnLigne.Gateway\BoutiqueEnLigne.Gateway.csproj", "{7A47600D-49D0-4FCC-99D9-FA340A04CFD1}"
EndProject
Project("{2150E333-8FDC-42A3-9474-1A3956D46DE8}") = "Services", "Services", "{5854FF58-B8C5-05C6-5BF2-ACE42193F22B}"
EndProject
Project("{2150E333-8FDC-42A3-9474-1A3956D46DE8}") = "Identity", "Identity", "{357A7C97-5AE1-023F-1442-0D9F9AF22A31}"
EndProject
Project("{FAE04EC0-301F-11D3-BF4B-00C04F79EFBC}") = "BoutiqueEnLigne.Identity.Api", "src\Services\Identity\BoutiqueEnLigne.Identity.Api\BoutiqueEnLigne.Identity.Api.csproj", "{B373951F-72B0-4FBD-84CE-0AD855AE0AEA}"
EndProject
Project("{2150E333-8FDC-42A3-9474-1A3956D46DE8}") = "Catalog", "Catalog", "{944ACC7E-4FFC-A2A2-09E1-98A62C66F8DB}"
EndProject
Project("{FAE04EC0-301F-11D3-BF4B-00C04F79EFBC}") = "BoutiqueEnLigne.Catalog.Api", "src\Services\Catalog\BoutiqueEnLigne.Catalog.Api\BoutiqueEnLigne.Catalog.Api.csproj", "{2B3CBC6F-CD23-4A59-BE51-039B9F358E0C}"
EndProject
Project("{2150E333-8FDC-42A3-9474-1A3956D46DE8}") = "Cart", "Cart", "{BFF4F4B7-12C1-5B2E-7DAD-E792A8E8C1A7}"
EndProject
Project("{FAE04EC0-301F-11D3-BF4B-00C04F79EFBC}") = "BoutiqueEnLigne.Cart.Api", "src\Services\Cart\BoutiqueEnLigne.Cart.Api\BoutiqueEnLigne.Cart.Api.csproj", "{82EFCD6F-61D7-4057-9FA6-5BE284BA0DD3}"
EndProject
Project("{2150E333-8FDC-42A3-9474-1A3956D46DE8}") = "Ordering", "Ordering", "{3BAACA43-EC64-C367-9FAA-9C38067293A8}"
EndProject
Project("{FAE04EC0-301F-11D3-BF4B-00C04F79EFBC}") = "BoutiqueEnLigne.Ordering.Api", "src\Services\Ordering\BoutiqueEnLigne.Ordering.Api\BoutiqueEnLigne.Ordering.Api.csproj", "{D95CDCEA-C684-401C-AE64-B99DCD6E8330}"
EndProject
Project("{2150E333-8FDC-42A3-9474-1A3956D46DE8}") = "Payments", "Payments", "{D8AFF377-A933-C61A-6A84-6680BF48FD58}"
EndProject
Project("{FAE04EC0-301F-11D3-BF4B-00C04F79EFBC}") = "BoutiqueEnLigne.Payments.Api", "src\Services\Payments\BoutiqueEnLigne.Payments.Api\BoutiqueEnLigne.Payments.Api.csproj", "{BA5A651E-814C-4971-904D-9D2B4A919050}"
EndProject
Project("{FAE04EC0-301F-11D3-BF4B-00C04F79EFBC}") = "BoutiqueEnLigne.Catalog.Domain", "src\Services\Catalog\BoutiqueEnLigne.Catalog.Domain\BoutiqueEnLigne.Catalog.Domain.csproj", "{3DA7C33F-02F1-4BD5-A6ED-349EC00B6CE8}"
EndProject
Project("{FAE04EC0-301F-11D3-BF4B-00C04F79EFBC}") = "BoutiqueEnLigne.Catalog.Application", "src\Services\Catalog\BoutiqueEnLigne.Catalog.Application\BoutiqueEnLigne.Catalog.Application.csproj", "{B680BE2E-73B6-4CAE-99E6-3820BA168CD8}"
EndProject
Project("{FAE04EC0-301F-11D3-BF4B-00C04F79EFBC}") = "BoutiqueEnLigne.Catalog.Infrastructure", "src\Services\Catalog\BoutiqueEnLigne.Catalog.Infrastructure\BoutiqueEnLigne.Catalog.Infrastructure.csproj", "{F66106CA-8F20-4DF7-A91F-6B3828D03390}"
EndProject
Project("{FAE04EC0-301F-11D3-BF4B-00C04F79EFBC}") = "BoutiqueEnLigne.Identity.Domain", "src\Services\Identity\BoutiqueEnLigne.Identity.Domain\BoutiqueEnLigne.Identity.Domain.csproj", "{898DC00E-8DDA-4948-B05A-18697A07CFAF}"
EndProject
Project("{FAE04EC0-301F-11D3-BF4B-00C04F79EFBC}") = "BoutiqueEnLigne.Identity.Application", "src\Services\Identity\BoutiqueEnLigne.Identity.Application\BoutiqueEnLigne.Identity.Application.csproj", "{50F06C00-56E3-4224-837A-705F84F4B27F}"
EndProject
Project("{FAE04EC0-301F-11D3-BF4B-00C04F79EFBC}") = "BoutiqueEnLigne.Identity.Infrastructure", "src\Services\Identity\BoutiqueEnLigne.Identity.Infrastructure\BoutiqueEnLigne.Identity.Infrastructure.csproj", "{18D64BBA-239C-4F77-B4D3-6E713A4C0C4E}"
EndProject
Project("{FAE04EC0-301F-11D3-BF4B-00C04F79EFBC}") = "BoutiqueEnLigne.Cart.Domain", "src\Services\Cart\BoutiqueEnLigne.Cart.Domain\BoutiqueEnLigne.Cart.Domain.csproj", "{65DBD87B-1166-45D3-87DC-B741BE678E28}"
EndProject
Project("{FAE04EC0-301F-11D3-BF4B-00C04F79EFBC}") = "BoutiqueEnLigne.Cart.Application", "src\Services\Cart\BoutiqueEnLigne.Cart.Application\BoutiqueEnLigne.Cart.Application.csproj", "{2483EE56-35FC-4E31-924C-1D9D33CA891F}"
EndProject
Project("{FAE04EC0-301F-11D3-BF4B-00C04F79EFBC}") = "BoutiqueEnLigne.Cart.Infrastructure", "src\Services\Cart\BoutiqueEnLigne.Cart.Infrastructure\BoutiqueEnLigne.Cart.Infrastructure.csproj", "{BE35482C-2D70-4170-9557-0AC14F812F72}"
EndProject
Project("{FAE04EC0-301F-11D3-BF4B-00C04F79EFBC}") = "BoutiqueEnLigne.Ordering.Domain", "src\Services\Ordering\BoutiqueEnLigne.Ordering.Domain\BoutiqueEnLigne.Ordering.Domain.csproj", "{15F122BC-53D3-4A64-BEDF-B1BB7AA6B1FC}"
EndProject
Project("{FAE04EC0-301F-11D3-BF4B-00C04F79EFBC}") = "BoutiqueEnLigne.Ordering.Application", "src\Services\Ordering\BoutiqueEnLigne.Ordering.Application\BoutiqueEnLigne.Ordering.Application.csproj", "{2D63DCF6-9EEC-4654-9E41-0EE7A2B06DDD}"
EndProject
Project("{FAE04EC0-301F-11D3-BF4B-00C04F79EFBC}") = "BoutiqueEnLigne.Ordering.Infrastructure", "src\Services\Ordering\BoutiqueEnLigne.Ordering.Infrastructure\BoutiqueEnLigne.Ordering.Infrastructure.csproj", "{5329FF05-1762-4FFA-90DD-D5AA65552D44}"
EndProject
Project("{FAE04EC0-301F-11D3-BF4B-00C04F79EFBC}") = "BoutiqueEnLigne.Payments.Domain", "src\Services\Payments\BoutiqueEnLigne.Payments.Domain\BoutiqueEnLigne.Payments.Domain.csproj", "{927F8AA1-9A8F-4A77-87A3-A29FDB4BED5C}"
EndProject
Project("{FAE04EC0-301F-11D3-BF4B-00C04F79EFBC}") = "BoutiqueEnLigne.Payments.Application", "src\Services\Payments\BoutiqueEnLigne.Payments.Application\BoutiqueEnLigne.Payments.Application.csproj", "{2814E393-6798-4EC9-A7B2-BE940568343A}"
EndProject
Project("{FAE04EC0-301F-11D3-BF4B-00C04F79EFBC}") = "BoutiqueEnLigne.Payments.Infrastructure", "src\Services\Payments\BoutiqueEnLigne.Payments.Infrastructure\BoutiqueEnLigne.Payments.Infrastructure.csproj", "{CE766180-D4C2-4120-BC75-64FD4B6B78DD}"
EndProject
Project("{2150E333-8FDC-42A3-9474-1A3956D46DE8}") = "src", "src", "{827E0CD3-B72D-47B6-A68D-7590B98EB39B}"
EndProject
Project("{2150E333-8FDC-42A3-9474-1A3956D46DE8}") = "BuildingBlocks", "BuildingBlocks", "{90298CBA-BD6F-3A0A-69D5-97CAD7B05E7E}"
EndProject
Project("{FAE04EC0-301F-11D3-BF4B-00C04F79EFBC}") = "BoutiqueEnLigne.Contracts", "src\BuildingBlocks\BoutiqueEnLigne.Contracts\BoutiqueEnLigne.Contracts.csproj", "{69A53165-68E1-493D-A3A6-9DB98275C30E}"
EndProject
Project("{FAE04EC0-301F-11D3-BF4B-00C04F79EFBC}") = "BoutiqueEnLigne.EventBus", "src\BuildingBlocks\BoutiqueEnLigne.EventBus\BoutiqueEnLigne.EventBus.csproj", "{1B3944EE-1D4B-4B08-A0BE-726E284357C8}"
EndProject
Project("{2150E333-8FDC-42A3-9474-1A3956D46DE8}") = "tests", "tests", "{0AB3BF05-4346-4AA6-1389-037BE0695223}"
EndProject
Project("{2150E333-8FDC-42A3-9474-1A3956D46DE8}") = "Unit", "Unit", "{9D556B49-86D1-93A7-9596-FFAAB74EC556}"
EndProject
Project("{FAE04EC0-301F-11D3-BF4B-00C04F79EFBC}") = "BoutiqueEnLigne.Ordering.Domain.Tests", "tests\Unit\BoutiqueEnLigne.Ordering.Domain.Tests\BoutiqueEnLigne.Ordering.Domain.Tests.csproj", "{0C64671B-7D93-4EEA-A4C6-00993E1B4C3D}"
EndProject
Project("{2150E333-8FDC-42A3-9474-1A3956D46DE8}") = "Services", "Services", "{984BB9B3-3FA3-BE33-9484-CAC21695A33C}"
EndProject
Project("{2150E333-8FDC-42A3-9474-1A3956D46DE8}") = "Ordering", "Ordering", "{D3BAB01C-7F3F-8576-96BE-8BE70C9B9915}"
EndProject
Project("{FAE04EC0-301F-11D3-BF4B-00C04F79EFBC}") = "BoutiqueEnLigne.Payments.Domain.Tests", "tests\Unit\BoutiqueEnLigne.Payments.Domain.Tests\BoutiqueEnLigne.Payments.Domain.Tests.csproj", "{995A1C60-A1A9-4270-8AE7-DD6196A332C3}"
EndProject
Project("{2150E333-8FDC-42A3-9474-1A3956D46DE8}") = "Payments", "Payments", "{5D0AC027-C8EE-3244-A029-36278C99F1B8}"
EndProject
Project("{2150E333-8FDC-42A3-9474-1A3956D46DE8}") = "Architecture", "Architecture", "{875CD587-DE2F-08EE-74FB-D6BE4E474EF3}"
EndProject
Project("{FAE04EC0-301F-11D3-BF4B-00C04F79EFBC}") = "BoutiqueEnLigne.Architecture.Tests", "tests\Architecture\BoutiqueEnLigne.Architecture.Tests\BoutiqueEnLigne.Architecture.Tests.csproj", "{5C27E9A6-66D5-4029-904E-30A2241BD541}"
EndProject
Project("{2150E333-8FDC-42A3-9474-1A3956D46DE8}") = "Identity", "Identity", "{1BFC9479-12BF-35C3-06B8-42D89D95092B}"
EndProject
Project("{2150E333-8FDC-42A3-9474-1A3956D46DE8}") = "Catalog", "Catalog", "{C91C1CF1-1625-0789-F869-53D87D6277BA}"
EndProject
Project("{2150E333-8FDC-42A3-9474-1A3956D46DE8}") = "Cart", "Cart", "{A9FD33CB-8A89-53B5-8D69-74AB4C88B43A}"
EndProject
Project("{2150E333-8FDC-42A3-9474-1A3956D46DE8}") = "Integration", "Integration", "{28A6993C-471E-82FE-7D9E-AD3B1EC22BD9}"
EndProject
Project("{FAE04EC0-301F-11D3-BF4B-00C04F79EFBC}") = "BoutiqueEnLigne.Ordering.IntegrationTests", "tests\Integration\BoutiqueEnLigne.Ordering.IntegrationTests\BoutiqueEnLigne.Ordering.IntegrationTests.csproj", "{D498436C-B1A6-4990-BDD5-29E708F019AB}"
EndProject
Project("{FAE04EC0-301F-11D3-BF4B-00C04F79EFBC}") = "BoutiqueEnLigne.Observability", "src\BuildingBlocks\BoutiqueEnLigne.Observability\BoutiqueEnLigne.Observability.csproj", "{F5F0825F-2DF8-43D5-B555-B4DEF9DA181A}"
EndProject
Global
	GlobalSection(SolutionConfigurationPlatforms) = preSolution
		Debug|Any CPU = Debug|Any CPU
		Debug|x64 = Debug|x64
		Debug|x86 = Debug|x86
		Release|Any CPU = Release|Any CPU
		Release|x64 = Release|x64
		Release|x86 = Release|x86
	EndGlobalSection
	GlobalSection(ProjectConfigurationPlatforms) = postSolution
		{8DA06D0A-6E15-4491-8671-18B3AFC97539}.Debug|Any CPU.ActiveCfg = Debug|Any CPU
		{8DA06D0A-6E15-4491-8671-18B3AFC97539}.Debug|Any CPU.Build.0 = Debug|Any CPU
		{8DA06D0A-6E15-4491-8671-18B3AFC97539}.Debug|x64.ActiveCfg = Debug|Any CPU
		{8DA06D0A-6E15-4491-8671-18B3AFC97539}.Debug|x64.Build.0 = Debug|Any CPU
		{8DA06D0A-6E15-4491-8671-18B3AFC97539}.Debug|x86.ActiveCfg = Debug|Any CPU
		{8DA06D0A-6E15-4491-8671-18B3AFC97539}.Debug|x86.Build.0 = Debug|Any CPU
		{8DA06D0A-6E15-4491-8671-18B3AFC97539}.Release|Any CPU.ActiveCfg = Release|Any CPU
		{8DA06D0A-6E15-4491-8671-18B3AFC97539}.Release|Any CPU.Build.0 = Release|Any CPU
		{8DA06D0A-6E15-4491-8671-18B3AFC97539}.Release|x64.ActiveCfg = Release|Any CPU
		{8DA06D0A-6E15-4491-8671-18B3AFC97539}.Release|x64.Build.0 = Release|Any CPU
		{8DA06D0A-6E15-4491-8671-18B3AFC97539}.Release|x86.ActiveCfg = Release|Any CPU
		{8DA06D0A-6E15-4491-8671-18B3AFC97539}.Release|x86.Build.0 = Release|Any CPU
		{7A47600D-49D0-4FCC-99D9-FA340A04CFD1}.Debug|Any CPU.ActiveCfg = Debug|Any CPU
		{7A47600D-49D0-4FCC-99D9-FA340A04CFD1}.Debug|Any CPU.Build.0 = Debug|Any CPU
		{7A47600D-49D0-4FCC-99D9-FA340A04CFD1}.Debug|x64.ActiveCfg = Debug|Any CPU
		{7A47600D-49D0-4FCC-99D9-FA340A04CFD1}.Debug|x64.Build.0 = Debug|Any CPU
		{7A47600D-49D0-4FCC-99D9-FA340A04CFD1}.Debug|x86.ActiveCfg = Debug|Any CPU
		{7A47600D-49D0-4FCC-99D9-FA340A04CFD1}.Debug|x86.Build.0 = Debug|Any CPU
		{7A47600D-49D0-4FCC-99D9-FA340A04CFD1}.Release|Any CPU.ActiveCfg = Release|Any CPU
		{7A47600D-49D0-4FCC-99D9-FA340A04CFD1}.Release|Any CPU.Build.0 = Release|Any CPU
		{7A47600D-49D0-4FCC-99D9-FA340A04CFD1}.Release|x64.ActiveCfg = Release|Any CPU
		{7A47600D-49D0-4FCC-99D9-FA340A04CFD1}.Release|x64.Build.0 = Release|Any CPU
		{7A47600D-49D0-4FCC-99D9-FA340A04CFD1}.Release|x86.ActiveCfg = Release|Any CPU
		{7A47600D-49D0-4FCC-99D9-FA340A04CFD1}.Release|x86.Build.0 = Release|Any CPU
		{B373951F-72B0-4FBD-84CE-0AD855AE0AEA}.Debug|Any CPU.ActiveCfg = Debug|Any CPU
		{B373951F-72B0-4FBD-84CE-0AD855AE0AEA}.Debug|Any CPU.Build.0 = Debug|Any CPU
		{B373951F-72B0-4FBD-84CE-0AD855AE0AEA}.Debug|x64.ActiveCfg = Debug|Any CPU
		{B373951F-72B0-4FBD-84CE-0AD855AE0AEA}.Debug|x64.Build.0 = Debug|Any CPU
		{B373951F-72B0-4FBD-84CE-0AD855AE0AEA}.Debug|x86.ActiveCfg = Debug|Any CPU
		{B373951F-72B0-4FBD-84CE-0AD855AE0AEA}.Debug|x86.Build.0 = Debug|Any CPU
		{B373951F-72B0-4FBD-84CE-0AD855AE0AEA}.Release|Any CPU.ActiveCfg = Release|Any CPU
		{B373951F-72B0-4FBD-84CE-0AD855AE0AEA}.Release|Any CPU.Build.0 = Release|Any CPU
		{B373951F-72B0-4FBD-84CE-0AD855AE0AEA}.Release|x64.ActiveCfg = Release|Any CPU
		{B373951F-72B0-4FBD-84CE-0AD855AE0AEA}.Release|x64.Build.0 = Release|Any CPU
		{B373951F-72B0-4FBD-84CE-0AD855AE0AEA}.Release|x86.ActiveCfg = Release|Any CPU
		{B373951F-72B0-4FBD-84CE-0AD855AE0AEA}.Release|x86.Build.0 = Release|Any CPU
		{2B3CBC6F-CD23-4A59-BE51-039B9F358E0C}.Debug|Any CPU.ActiveCfg = Debug|Any CPU
		{2B3CBC6F-CD23-4A59-BE51-039B9F358E0C}.Debug|Any CPU.Build.0 = Debug|Any CPU
		{2B3CBC6F-CD23-4A59-BE51-039B9F358E0C}.Debug|x64.ActiveCfg = Debug|Any CPU
		{2B3CBC6F-CD23-4A59-BE51-039B9F358E0C}.Debug|x64.Build.0 = Debug|Any CPU
		{2B3CBC6F-CD23-4A59-BE51-039B9F358E0C}.Debug|x86.ActiveCfg = Debug|Any CPU
		{2B3CBC6F-CD23-4A59-BE51-039B9F358E0C}.Debug|x86.Build.0 = Debug|Any CPU
		{2B3CBC6F-CD23-4A59-BE51-039B9F358E0C}.Release|Any CPU.ActiveCfg = Release|Any CPU
		{2B3CBC6F-CD23-4A59-BE51-039B9F358E0C}.Release|Any CPU.Build.0 = Release|Any CPU
		{2B3CBC6F-CD23-4A59-BE51-039B9F358E0C}.Release|x64.ActiveCfg = Release|Any CPU
		{2B3CBC6F-CD23-4A59-BE51-039B9F358E0C}.Release|x64.Build.0 = Release|Any CPU
		{2B3CBC6F-CD23-4A59-BE51-039B9F358E0C}.Release|x86.ActiveCfg = Release|Any CPU
		{2B3CBC6F-CD23-4A59-BE51-039B9F358E0C}.Release|x86.Build.0 = Release|Any CPU
		{82EFCD6F-61D7-4057-9FA6-5BE284BA0DD3}.Debug|Any CPU.ActiveCfg = Debug|Any CPU
		{82EFCD6F-61D7-4057-9FA6-5BE284BA0DD3}.Debug|Any CPU.Build.0 = Debug|Any CPU
		{82EFCD6F-61D7-4057-9FA6-5BE284BA0DD3}.Debug|x64.ActiveCfg = Debug|Any CPU
		{82EFCD6F-61D7-4057-9FA6-5BE284BA0DD3}.Debug|x64.Build.0 = Debug|Any CPU
		{82EFCD6F-61D7-4057-9FA6-5BE284BA0DD3}.Debug|x86.ActiveCfg = Debug|Any CPU
		{82EFCD6F-61D7-4057-9FA6-5BE284BA0DD3}.Debug|x86.Build.0 = Debug|Any CPU
		{82EFCD6F-61D7-4057-9FA6-5BE284BA0DD3}.Release|Any CPU.ActiveCfg = Release|Any CPU
		{82EFCD6F-61D7-4057-9FA6-5BE284BA0DD3}.Release|Any CPU.Build.0 = Release|Any CPU
		{82EFCD6F-61D7-4057-9FA6-5BE284BA0DD3}.Release|x64.ActiveCfg = Release|Any CPU
		{82EFCD6F-61D7-4057-9FA6-5BE284BA0DD3}.Release|x64.Build.0 = Release|Any CPU
		{82EFCD6F-61D7-4057-9FA6-5BE284BA0DD3}.Release|x86.ActiveCfg = Release|Any CPU
		{82EFCD6F-61D7-4057-9FA6-5BE284BA0DD3}.Release|x86.Build.0 = Release|Any CPU
		{D95CDCEA-C684-401C-AE64-B99DCD6E8330}.Debug|Any CPU.ActiveCfg = Debug|Any CPU
		{D95CDCEA-C684-401C-AE64-B99DCD6E8330}.Debug|Any CPU.Build.0 = Debug|Any CPU
		{D95CDCEA-C684-401C-AE64-B99DCD6E8330}.Debug|x64.ActiveCfg = Debug|Any CPU
		{D95CDCEA-C684-401C-AE64-B99DCD6E8330}.Debug|x64.Build.0 = Debug|Any CPU
		{D95CDCEA-C684-401C-AE64-B99DCD6E8330}.Debug|x86.ActiveCfg = Debug|Any CPU
		{D95CDCEA-C684-401C-AE64-B99DCD6E8330}.Debug|x86.Build.0 = Debug|Any CPU
		{D95CDCEA-C684-401C-AE64-B99DCD6E8330}.Release|Any CPU.ActiveCfg = Release|Any CPU
		{D95CDCEA-C684-401C-AE64-B99DCD6E8330}.Release|Any CPU.Build.0 = Release|Any CPU
		{D95CDCEA-C684-401C-AE64-B99DCD6E8330}.Release|x64.ActiveCfg = Release|Any CPU
		{D95CDCEA-C684-401C-AE64-B99DCD6E8330}.Release|x64.Build.0 = Release|Any CPU
		{D95CDCEA-C684-401C-AE64-B99DCD6E8330}.Release|x86.ActiveCfg = Release|Any CPU
		{D95CDCEA-C684-401C-AE64-B99DCD6E8330}.Release|x86.Build.0 = Release|Any CPU
		{BA5A651E-814C-4971-904D-9D2B4A919050}.Debug|Any CPU.ActiveCfg = Debug|Any CPU
		{BA5A651E-814C-4971-904D-9D2B4A919050}.Debug|Any CPU.Build.0 = Debug|Any CPU
		{BA5A651E-814C-4971-904D-9D2B4A919050}.Debug|x64.ActiveCfg = Debug|Any CPU
		{BA5A651E-814C-4971-904D-9D2B4A919050}.Debug|x64.Build.0 = Debug|Any CPU
		{BA5A651E-814C-4971-904D-9D2B4A919050}.Debug|x86.ActiveCfg = Debug|Any CPU
		{BA5A651E-814C-4971-904D-9D2B4A919050}.Debug|x86.Build.0 = Debug|Any CPU
		{BA5A651E-814C-4971-904D-9D2B4A919050}.Release|Any CPU.ActiveCfg = Release|Any CPU
		{BA5A651E-814C-4971-904D-9D2B4A919050}.Release|Any CPU.Build.0 = Release|Any CPU
		{BA5A651E-814C-4971-904D-9D2B4A919050}.Release|x64.ActiveCfg = Release|Any CPU
		{BA5A651E-814C-4971-904D-9D2B4A919050}.Release|x64.Build.0 = Release|Any CPU
		{BA5A651E-814C-4971-904D-9D2B4A919050}.Release|x86.ActiveCfg = Release|Any CPU
		{BA5A651E-814C-4971-904D-9D2B4A919050}.Release|x86.Build.0 = Release|Any CPU
		{3DA7C33F-02F1-4BD5-A6ED-349EC00B6CE8}.Debug|Any CPU.ActiveCfg = Debug|Any CPU
		{3DA7C33F-02F1-4BD5-A6ED-349EC00B6CE8}.Debug|Any CPU.Build.0 = Debug|Any CPU
		{3DA7C33F-02F1-4BD5-A6ED-349EC00B6CE8}.Debug|x64.ActiveCfg = Debug|Any CPU
		{3DA7C33F-02F1-4BD5-A6ED-349EC00B6CE8}.Debug|x64.Build.0 = Debug|Any CPU
		{3DA7C33F-02F1-4BD5-A6ED-349EC00B6CE8}.Debug|x86.ActiveCfg = Debug|Any CPU
		{3DA7C33F-02F1-4BD5-A6ED-349EC00B6CE8}.Debug|x86.Build.0 = Debug|Any CPU
		{3DA7C33F-02F1-4BD5-A6ED-349EC00B6CE8}.Release|Any CPU.ActiveCfg = Release|Any CPU
		{3DA7C33F-02F1-4BD5-A6ED-349EC00B6CE8}.Release|Any CPU.Build.0 = Release|Any CPU
		{3DA7C33F-02F1-4BD5-A6ED-349EC00B6CE8}.Release|x64.ActiveCfg = Release|Any CPU
		{3DA7C33F-02F1-4BD5-A6ED-349EC00B6CE8}.Release|x64.Build.0 = Release|Any CPU
		{3DA7C33F-02F1-4BD5-A6ED-349EC00B6CE8}.Release|x86.ActiveCfg = Release|Any CPU
		{3DA7C33F-02F1-4BD5-A6ED-349EC00B6CE8}.Release|x86.Build.0 = Release|Any CPU
		{B680BE2E-73B6-4CAE-99E6-3820BA168CD8}.Debug|Any CPU.ActiveCfg = Debug|Any CPU
		{B680BE2E-73B6-4CAE-99E6-3820BA168CD8}.Debug|Any CPU.Build.0 = Debug|Any CPU
		{B680BE2E-73B6-4CAE-99E6-3820BA168CD8}.Debug|x64.ActiveCfg = Debug|Any CPU
		{B680BE2E-73B6-4CAE-99E6-3820BA168CD8}.Debug|x64.Build.0 = Debug|Any CPU
		{B680BE2E-73B6-4CAE-99E6-3820BA168CD8}.Debug|x86.ActiveCfg = Debug|Any CPU
		{B680BE2E-73B6-4CAE-99E6-3820BA168CD8}.Debug|x86.Build.0 = Debug|Any CPU
		{B680BE2E-73B6-4CAE-99E6-3820BA168CD8}.Release|Any CPU.ActiveCfg = Release|Any CPU
		{B680BE2E-73B6-4CAE-99E6-3820BA168CD8}.Release|Any CPU.Build.0 = Release|Any CPU
		{B680BE2E-73B6-4CAE-99E6-3820BA168CD8}.Release|x64.ActiveCfg = Release|Any CPU
		{B680BE2E-73B6-4CAE-99E6-3820BA168CD8}.Release|x64.Build.0 = Release|Any CPU
		{B680BE2E-73B6-4CAE-99E6-3820BA168CD8}.Release|x86.ActiveCfg = Release|Any CPU
		{B680BE2E-73B6-4CAE-99E6-3820BA168CD8}.Release|x86.Build.0 = Release|Any CPU
		{F66106CA-8F20-4DF7-A91F-6B3828D03390}.Debug|Any CPU.ActiveCfg = Debug|Any CPU
		{F66106CA-8F20-4DF7-A91F-6B3828D03390}.Debug|Any CPU.Build.0 = Debug|Any CPU
		{F66106CA-8F20-4DF7-A91F-6B3828D03390}.Debug|x64.ActiveCfg = Debug|Any CPU
		{F66106CA-8F20-4DF7-A91F-6B3828D03390}.Debug|x64.Build.0 = Debug|Any CPU
		{F66106CA-8F20-4DF7-A91F-6B3828D03390}.Debug|x86.ActiveCfg = Debug|Any CPU
		{F66106CA-8F20-4DF7-A91F-6B3828D03390}.Debug|x86.Build.0 = Debug|Any CPU
		{F66106CA-8F20-4DF7-A91F-6B3828D03390}.Release|Any CPU.ActiveCfg = Release|Any CPU
		{F66106CA-8F20-4DF7-A91F-6B3828D03390}.Release|Any CPU.Build.0 = Release|Any CPU
		{F66106CA-8F20-4DF7-A91F-6B3828D03390}.Release|x64.ActiveCfg = Release|Any CPU
		{F66106CA-8F20-4DF7-A91F-6B3828D03390}.Release|x64.Build.0 = Release|Any CPU
		{F66106CA-8F20-4DF7-A91F-6B3828D03390}.Release|x86.ActiveCfg = Release|Any CPU
		{F66106CA-8F20-4DF7-A91F-6B3828D03390}.Release|x86.Build.0 = Release|Any CPU
		{898DC00E-8DDA-4948-B05A-18697A07CFAF}.Debug|Any CPU.ActiveCfg = Debug|Any CPU
		{898DC00E-8DDA-4948-B05A-18697A07CFAF}.Debug|Any CPU.Build.0 = Debug|Any CPU
		{898DC00E-8DDA-4948-B05A-18697A07CFAF}.Debug|x64.ActiveCfg = Debug|Any CPU
		{898DC00E-8DDA-4948-B05A-18697A07CFAF}.Debug|x64.Build.0 = Debug|Any CPU
		{898DC00E-8DDA-4948-B05A-18697A07CFAF}.Debug|x86.ActiveCfg = Debug|Any CPU
		{898DC00E-8DDA-4948-B05A-18697A07CFAF}.Debug|x86.Build.0 = Debug|Any CPU
		{898DC00E-8DDA-4948-B05A-18697A07CFAF}.Release|Any CPU.ActiveCfg = Release|Any CPU
		{898DC00E-8DDA-4948-B05A-18697A07CFAF}.Release|Any CPU.Build.0 = Release|Any CPU
		{898DC00E-8DDA-4948-B05A-18697A07CFAF}.Release|x64.ActiveCfg = Release|Any CPU
		{898DC00E-8DDA-4948-B05A-18697A07CFAF}.Release|x64.Build.0 = Release|Any CPU
		{898DC00E-8DDA-4948-B05A-18697A07CFAF}.Release|x86.ActiveCfg = Release|Any CPU
		{898DC00E-8DDA-4948-B05A-18697A07CFAF}.Release|x86.Build.0 = Release|Any CPU
		{50F06C00-56E3-4224-837A-705F84F4B27F}.Debug|Any CPU.ActiveCfg = Debug|Any CPU
		{50F06C00-56E3-4224-837A-705F84F4B27F}.Debug|Any CPU.Build.0 = Debug|Any CPU
		{50F06C00-56E3-4224-837A-705F84F4B27F}.Debug|x64.ActiveCfg = Debug|Any CPU
		{50F06C00-56E3-4224-837A-705F84F4B27F}.Debug|x64.Build.0 = Debug|Any CPU
		{50F06C00-56E3-4224-837A-705F84F4B27F}.Debug|x86.ActiveCfg = Debug|Any CPU
		{50F06C00-56E3-4224-837A-705F84F4B27F}.Debug|x86.Build.0 = Debug|Any CPU
		{50F06C00-56E3-4224-837A-705F84F4B27F}.Release|Any CPU.ActiveCfg = Release|Any CPU
		{50F06C00-56E3-4224-837A-705F84F4B27F}.Release|Any CPU.Build.0 = Release|Any CPU
		{50F06C00-56E3-4224-837A-705F84F4B27F}.Release|x64.ActiveCfg = Release|Any CPU
		{50F06C00-56E3-4224-837A-705F84F4B27F}.Release|x64.Build.0 = Release|Any CPU
		{50F06C00-56E3-4224-837A-705F84F4B27F}.Release|x86.ActiveCfg = Release|Any CPU
		{50F06C00-56E3-4224-837A-705F84F4B27F}.Release|x86.Build.0 = Release|Any CPU
		{18D64BBA-239C-4F77-B4D3-6E713A4C0C4E}.Debug|Any CPU.ActiveCfg = Debug|Any CPU
		{18D64BBA-239C-4F77-B4D3-6E713A4C0C4E}.Debug|Any CPU.Build.0 = Debug|Any CPU
		{18D64BBA-239C-4F77-B4D3-6E713A4C0C4E}.Debug|x64.ActiveCfg = Debug|Any CPU
		{18D64BBA-239C-4F77-B4D3-6E713A4C0C4E}.Debug|x64.Build.0 = Debug|Any CPU
		{18D64BBA-239C-4F77-B4D3-6E713A4C0C4E}.Debug|x86.ActiveCfg = Debug|Any CPU
		{18D64BBA-239C-4F77-B4D3-6E713A4C0C4E}.Debug|x86.Build.0 = Debug|Any CPU
		{18D64BBA-239C-4F77-B4D3-6E713A4C0C4E}.Release|Any CPU.ActiveCfg = Release|Any CPU
		{18D64BBA-239C-4F77-B4D3-6E713A4C0C4E}.Release|Any CPU.Build.0 = Release|Any CPU
		{18D64BBA-239C-4F77-B4D3-6E713A4C0C4E}.Release|x64.ActiveCfg = Release|Any CPU
		{18D64BBA-239C-4F77-B4D3-6E713A4C0C4E}.Release|x64.Build.0 = Release|Any CPU
		{18D64BBA-239C-4F77-B4D3-6E713A4C0C4E}.Release|x86.ActiveCfg = Release|Any CPU
		{18D64BBA-239C-4F77-B4D3-6E713A4C0C4E}.Release|x86.Build.0 = Release|Any CPU
		{65DBD87B-1166-45D3-87DC-B741BE678E28}.Debug|Any CPU.ActiveCfg = Debug|Any CPU
		{65DBD87B-1166-45D3-87DC-B741BE678E28}.Debug|Any CPU.Build.0 = Debug|Any CPU
		{65DBD87B-1166-45D3-87DC-B741BE678E28}.Debug|x64.ActiveCfg = Debug|Any CPU
		{65DBD87B-1166-45D3-87DC-B741BE678E28}.Debug|x64.Build.0 = Debug|Any CPU
		{65DBD87B-1166-45D3-87DC-B741BE678E28}.Debug|x86.ActiveCfg = Debug|Any CPU
		{65DBD87B-1166-45D3-87DC-B741BE678E28}.Debug|x86.Build.0 = Debug|Any CPU
		{65DBD87B-1166-45D3-87DC-B741BE678E28}.Release|Any CPU.ActiveCfg = Release|Any CPU
		{65DBD87B-1166-45D3-87DC-B741BE678E28}.Release|Any CPU.Build.0 = Release|Any CPU
		{65DBD87B-1166-45D3-87DC-B741BE678E28}.Release|x64.ActiveCfg = Release|Any CPU
		{65DBD87B-1166-45D3-87DC-B741BE678E28}.Release|x64.Build.0 = Release|Any CPU
		{65DBD87B-1166-45D3-87DC-B741BE678E28}.Release|x86.ActiveCfg = Release|Any CPU
		{65DBD87B-1166-45D3-87DC-B741BE678E28}.Release|x86.Build.0 = Release|Any CPU
		{2483EE56-35FC-4E31-924C-1D9D33CA891F}.Debug|Any CPU.ActiveCfg = Debug|Any CPU
		{2483EE56-35FC-4E31-924C-1D9D33CA891F}.Debug|Any CPU.Build.0 = Debug|Any CPU
		{2483EE56-35FC-4E31-924C-1D9D33CA891F}.Debug|x64.ActiveCfg = Debug|Any CPU
		{2483EE56-35FC-4E31-924C-1D9D33CA891F}.Debug|x64.Build.0 = Debug|Any CPU
		{2483EE56-35FC-4E31-924C-1D9D33CA891F}.Debug|x86.ActiveCfg = Debug|Any CPU
		{2483EE56-35FC-4E31-924C-1D9D33CA891F}.Debug|x86.Build.0 = Debug|Any CPU
		{2483EE56-35FC-4E31-924C-1D9D33CA891F}.Release|Any CPU.ActiveCfg = Release|Any CPU
		{2483EE56-35FC-4E31-924C-1D9D33CA891F}.Release|Any CPU.Build.0 = Release|Any CPU
		{2483EE56-35FC-4E31-924C-1D9D33CA891F}.Release|x64.ActiveCfg = Release|Any CPU
		{2483EE56-35FC-4E31-924C-1D9D33CA891F}.Release|x64.Build.0 = Release|Any CPU
		{2483EE56-35FC-4E31-924C-1D9D33CA891F}.Release|x86.ActiveCfg = Release|Any CPU
		{2483EE56-35FC-4E31-924C-1D9D33CA891F}.Release|x86.Build.0 = Release|Any CPU
		{BE35482C-2D70-4170-9557-0AC14F812F72}.Debug|Any CPU.ActiveCfg = Debug|Any CPU
		{BE35482C-2D70-4170-9557-0AC14F812F72}.Debug|Any CPU.Build.0 = Debug|Any CPU
		{BE35482C-2D70-4170-9557-0AC14F812F72}.Debug|x64.ActiveCfg = Debug|Any CPU
		{BE35482C-2D70-4170-9557-0AC14F812F72}.Debug|x64.Build.0 = Debug|Any CPU
		{BE35482C-2D70-4170-9557-0AC14F812F72}.Debug|x86.ActiveCfg = Debug|Any CPU
		{BE35482C-2D70-4170-9557-0AC14F812F72}.Debug|x86.Build.0 = Debug|Any CPU
		{BE35482C-2D70-4170-9557-0AC14F812F72}.Release|Any CPU.ActiveCfg = Release|Any CPU
		{BE35482C-2D70-4170-9557-0AC14F812F72}.Release|Any CPU.Build.0 = Release|Any CPU
		{BE35482C-2D70-4170-9557-0AC14F812F72}.Release|x64.ActiveCfg = Release|Any CPU
		{BE35482C-2D70-4170-9557-0AC14F812F72}.Release|x64.Build.0 = Release|Any CPU
		{BE35482C-2D70-4170-9557-0AC14F812F72}.Release|x86.ActiveCfg = Release|Any CPU
		{BE35482C-2D70-4170-9557-0AC14F812F72}.Release|x86.Build.0 = Release|Any CPU
		{15F122BC-53D3-4A64-BEDF-B1BB7AA6B1FC}.Debug|Any CPU.ActiveCfg = Debug|Any CPU
		{15F122BC-53D3-4A64-BEDF-B1BB7AA6B1FC}.Debug|Any CPU.Build.0 = Debug|Any CPU
		{15F122BC-53D3-4A64-BEDF-B1BB7AA6B1FC}.Debug|x64.ActiveCfg = Debug|Any CPU
		{15F122BC-53D3-4A64-BEDF-B1BB7AA6B1FC}.Debug|x64.Build.0 = Debug|Any CPU
		{15F122BC-53D3-4A64-BEDF-B1BB7AA6B1FC}.Debug|x86.ActiveCfg = Debug|Any CPU
		{15F122BC-53D3-4A64-BEDF-B1BB7AA6B1FC}.Debug|x86.Build.0 = Debug|Any CPU
		{15F122BC-53D3-4A64-BEDF-B1BB7AA6B1FC}.Release|Any CPU.ActiveCfg = Release|Any CPU
		{15F122BC-53D3-4A64-BEDF-B1BB7AA6B1FC}.Release|Any CPU.Build.0 = Release|Any CPU
		{15F122BC-53D3-4A64-BEDF-B1BB7AA6B1FC}.Release|x64.ActiveCfg = Release|Any CPU
		{15F122BC-53D3-4A64-BEDF-B1BB7AA6B1FC}.Release|x64.Build.0 = Release|Any CPU
		{15F122BC-53D3-4A64-BEDF-B1BB7AA6B1FC}.Release|x86.ActiveCfg = Release|Any CPU
		{15F122BC-53D3-4A64-BEDF-B1BB7AA6B1FC}.Release|x86.Build.0 = Release|Any CPU
		{2D63DCF6-9EEC-4654-9E41-0EE7A2B06DDD}.Debug|Any CPU.ActiveCfg = Debug|Any CPU
		{2D63DCF6-9EEC-4654-9E41-0EE7A2B06DDD}.Debug|Any CPU.Build.0 = Debug|Any CPU
		{2D63DCF6-9EEC-4654-9E41-0EE7A2B06DDD}.Debug|x64.ActiveCfg = Debug|Any CPU
		{2D63DCF6-9EEC-4654-9E41-0EE7A2B06DDD}.Debug|x64.Build.0 = Debug|Any CPU
		{2D63DCF6-9EEC-4654-9E41-0EE7A2B06DDD}.Debug|x86.ActiveCfg = Debug|Any CPU
		{2D63DCF6-9EEC-4654-9E41-0EE7A2B06DDD}.Debug|x86.Build.0 = Debug|Any CPU
		{2D63DCF6-9EEC-4654-9E41-0EE7A2B06DDD}.Release|Any CPU.ActiveCfg = Release|Any CPU
		{2D63DCF6-9EEC-4654-9E41-0EE7A2B06DDD}.Release|Any CPU.Build.0 = Release|Any CPU
		{2D63DCF6-9EEC-4654-9E41-0EE7A2B06DDD}.Release|x64.ActiveCfg = Release|Any CPU
		{2D63DCF6-9EEC-4654-9E41-0EE7A2B06DDD}.Release|x64.Build.0 = Release|Any CPU
		{2D63DCF6-9EEC-4654-9E41-0EE7A2B06DDD}.Release|x86.ActiveCfg = Release|Any CPU
		{2D63DCF6-9EEC-4654-9E41-0EE7A2B06DDD}.Release|x86.Build.0 = Release|Any CPU
		{5329FF05-1762-4FFA-90DD-D5AA65552D44}.Debug|Any CPU.ActiveCfg = Debug|Any CPU
		{5329FF05-1762-4FFA-90DD-D5AA65552D44}.Debug|Any CPU.Build.0 = Debug|Any CPU
		{5329FF05-1762-4FFA-90DD-D5AA65552D44}.Debug|x64.ActiveCfg = Debug|Any CPU
		{5329FF05-1762-4FFA-90DD-D5AA65552D44}.Debug|x64.Build.0 = Debug|Any CPU
		{5329FF05-1762-4FFA-90DD-D5AA65552D44}.Debug|x86.ActiveCfg = Debug|Any CPU
		{5329FF05-1762-4FFA-90DD-D5AA65552D44}.Debug|x86.Build.0 = Debug|Any CPU
		{5329FF05-1762-4FFA-90DD-D5AA65552D44}.Release|Any CPU.ActiveCfg = Release|Any CPU
		{5329FF05-1762-4FFA-90DD-D5AA65552D44}.Release|Any CPU.Build.0 = Release|Any CPU
		{5329FF05-1762-4FFA-90DD-D5AA65552D44}.Release|x64.ActiveCfg = Release|Any CPU
		{5329FF05-1762-4FFA-90DD-D5AA65552D44}.Release|x64.Build.0 = Release|Any CPU
		{5329FF05-1762-4FFA-90DD-D5AA65552D44}.Release|x86.ActiveCfg = Release|Any CPU
		{5329FF05-1762-4FFA-90DD-D5AA65552D44}.Release|x86.Build.0 = Release|Any CPU
		{927F8AA1-9A8F-4A77-87A3-A29FDB4BED5C}.Debug|Any CPU.ActiveCfg = Debug|Any CPU
		{927F8AA1-9A8F-4A77-87A3-A29FDB4BED5C}.Debug|Any CPU.Build.0 = Debug|Any CPU
		{927F8AA1-9A8F-4A77-87A3-A29FDB4BED5C}.Debug|x64.ActiveCfg = Debug|Any CPU
		{927F8AA1-9A8F-4A77-87A3-A29FDB4BED5C}.Debug|x64.Build.0 = Debug|Any CPU
		{927F8AA1-9A8F-4A77-87A3-A29FDB4BED5C}.Debug|x86.ActiveCfg = Debug|Any CPU
		{927F8AA1-9A8F-4A77-87A3-A29FDB4BED5C}.Debug|x86.Build.0 = Debug|Any CPU
		{927F8AA1-9A8F-4A77-87A3-A29FDB4BED5C}.Release|Any CPU.ActiveCfg = Release|Any CPU
		{927F8AA1-9A8F-4A77-87A3-A29FDB4BED5C}.Release|Any CPU.Build.0 = Release|Any CPU
		{927F8AA1-9A8F-4A77-87A3-A29FDB4BED5C}.Release|x64.ActiveCfg = Release|Any CPU
		{927F8AA1-9A8F-4A77-87A3-A29FDB4BED5C}.Release|x64.Build.0 = Release|Any CPU
		{927F8AA1-9A8F-4A77-87A3-A29FDB4BED5C}.Release|x86.ActiveCfg = Release|Any CPU
		{927F8AA1-9A8F-4A77-87A3-A29FDB4BED5C}.Release|x86.Build.0 = Release|Any CPU
		{2814E393-6798-4EC9-A7B2-BE940568343A}.Debug|Any CPU.ActiveCfg = Debug|Any CPU
		{2814E393-6798-4EC9-A7B2-BE940568343A}.Debug|Any CPU.Build.0 = Debug|Any CPU
		{2814E393-6798-4EC9-A7B2-BE940568343A}.Debug|x64.ActiveCfg = Debug|Any CPU
		{2814E393-6798-4EC9-A7B2-BE940568343A}.Debug|x64.Build.0 = Debug|Any CPU
		{2814E393-6798-4EC9-A7B2-BE940568343A}.Debug|x86.ActiveCfg = Debug|Any CPU
		{2814E393-6798-4EC9-A7B2-BE940568343A}.Debug|x86.Build.0 = Debug|Any CPU
		{2814E393-6798-4EC9-A7B2-BE940568343A}.Release|Any CPU.ActiveCfg = Release|Any CPU
		{2814E393-6798-4EC9-A7B2-BE940568343A}.Release|Any CPU.Build.0 = Release|Any CPU
		{2814E393-6798-4EC9-A7B2-BE940568343A}.Release|x64.ActiveCfg = Release|Any CPU
		{2814E393-6798-4EC9-A7B2-BE940568343A}.Release|x64.Build.0 = Release|Any CPU
		{2814E393-6798-4EC9-A7B2-BE940568343A}.Release|x86.ActiveCfg = Release|Any CPU
		{2814E393-6798-4EC9-A7B2-BE940568343A}.Release|x86.Build.0 = Release|Any CPU
		{CE766180-D4C2-4120-BC75-64FD4B6B78DD}.Debug|Any CPU.ActiveCfg = Debug|Any CPU
		{CE766180-D4C2-4120-BC75-64FD4B6B78DD}.Debug|Any CPU.Build.0 = Debug|Any CPU
		{CE766180-D4C2-4120-BC75-64FD4B6B78DD}.Debug|x64.ActiveCfg = Debug|Any CPU
		{CE766180-D4C2-4120-BC75-64FD4B6B78DD}.Debug|x64.Build.0 = Debug|Any CPU
		{CE766180-D4C2-4120-BC75-64FD4B6B78DD}.Debug|x86.ActiveCfg = Debug|Any CPU
		{CE766180-D4C2-4120-BC75-64FD4B6B78DD}.Debug|x86.Build.0 = Debug|Any CPU
		{CE766180-D4C2-4120-BC75-64FD4B6B78DD}.Release|Any CPU.ActiveCfg = Release|Any CPU
		{CE766180-D4C2-4120-BC75-64FD4B6B78DD}.Release|Any CPU.Build.0 = Release|Any CPU
		{CE766180-D4C2-4120-BC75-64FD4B6B78DD}.Release|x64.ActiveCfg = Release|Any CPU
		{CE766180-D4C2-4120-BC75-64FD4B6B78DD}.Release|x64.Build.0 = Release|Any CPU
		{CE766180-D4C2-4120-BC75-64FD4B6B78DD}.Release|x86.ActiveCfg = Release|Any CPU
		{CE766180-D4C2-4120-BC75-64FD4B6B78DD}.Release|x86.Build.0 = Release|Any CPU
		{69A53165-68E1-493D-A3A6-9DB98275C30E}.Debug|Any CPU.ActiveCfg = Debug|Any CPU
		{69A53165-68E1-493D-A3A6-9DB98275C30E}.Debug|Any CPU.Build.0 = Debug|Any CPU
		{69A53165-68E1-493D-A3A6-9DB98275C30E}.Debug|x64.ActiveCfg = Debug|Any CPU
		{69A53165-68E1-493D-A3A6-9DB98275C30E}.Debug|x64.Build.0 = Debug|Any CPU
		{69A53165-68E1-493D-A3A6-9DB98275C30E}.Debug|x86.ActiveCfg = Debug|Any CPU
		{69A53165-68E1-493D-A3A6-9DB98275C30E}.Debug|x86.Build.0 = Debug|Any CPU
		{69A53165-68E1-493D-A3A6-9DB98275C30E}.Release|Any CPU.ActiveCfg = Release|Any CPU
		{69A53165-68E1-493D-A3A6-9DB98275C30E}.Release|Any CPU.Build.0 = Release|Any CPU
		{69A53165-68E1-493D-A3A6-9DB98275C30E}.Release|x64.ActiveCfg = Release|Any CPU
		{69A53165-68E1-493D-A3A6-9DB98275C30E}.Release|x64.Build.0 = Release|Any CPU
		{69A53165-68E1-493D-A3A6-9DB98275C30E}.Release|x86.ActiveCfg = Release|Any CPU
		{69A53165-68E1-493D-A3A6-9DB98275C30E}.Release|x86.Build.0 = Release|Any CPU
		{1B3944EE-1D4B-4B08-A0BE-726E284357C8}.Debug|Any CPU.ActiveCfg = Debug|Any CPU
		{1B3944EE-1D4B-4B08-A0BE-726E284357C8}.Debug|Any CPU.Build.0 = Debug|Any CPU
		{1B3944EE-1D4B-4B08-A0BE-726E284357C8}.Debug|x64.ActiveCfg = Debug|Any CPU
		{1B3944EE-1D4B-4B08-A0BE-726E284357C8}.Debug|x64.Build.0 = Debug|Any CPU
		{1B3944EE-1D4B-4B08-A0BE-726E284357C8}.Debug|x86.ActiveCfg = Debug|Any CPU
		{1B3944EE-1D4B-4B08-A0BE-726E284357C8}.Debug|x86.Build.0 = Debug|Any CPU
		{1B3944EE-1D4B-4B08-A0BE-726E284357C8}.Release|Any CPU.ActiveCfg = Release|Any CPU
		{1B3944EE-1D4B-4B08-A0BE-726E284357C8}.Release|Any CPU.Build.0 = Release|Any CPU
		{1B3944EE-1D4B-4B08-A0BE-726E284357C8}.Release|x64.ActiveCfg = Release|Any CPU
		{1B3944EE-1D4B-4B08-A0BE-726E284357C8}.Release|x64.Build.0 = Release|Any CPU
		{1B3944EE-1D4B-4B08-A0BE-726E284357C8}.Release|x86.ActiveCfg = Release|Any CPU
		{1B3944EE-1D4B-4B08-A0BE-726E284357C8}.Release|x86.Build.0 = Release|Any CPU
		{0C64671B-7D93-4EEA-A4C6-00993E1B4C3D}.Debug|Any CPU.ActiveCfg = Debug|Any CPU
		{0C64671B-7D93-4EEA-A4C6-00993E1B4C3D}.Debug|Any CPU.Build.0 = Debug|Any CPU
		{0C64671B-7D93-4EEA-A4C6-00993E1B4C3D}.Debug|x64.ActiveCfg = Debug|Any CPU
		{0C64671B-7D93-4EEA-A4C6-00993E1B4C3D}.Debug|x64.Build.0 = Debug|Any CPU
		{0C64671B-7D93-4EEA-A4C6-00993E1B4C3D}.Debug|x86.ActiveCfg = Debug|Any CPU
		{0C64671B-7D93-4EEA-A4C6-00993E1B4C3D}.Debug|x86.Build.0 = Debug|Any CPU
		{0C64671B-7D93-4EEA-A4C6-00993E1B4C3D}.Release|Any CPU.ActiveCfg = Release|Any CPU
		{0C64671B-7D93-4EEA-A4C6-00993E1B4C3D}.Release|Any CPU.Build.0 = Release|Any CPU
		{0C64671B-7D93-4EEA-A4C6-00993E1B4C3D}.Release|x64.ActiveCfg = Release|Any CPU
		{0C64671B-7D93-4EEA-A4C6-00993E1B4C3D}.Release|x64.Build.0 = Release|Any CPU
		{0C64671B-7D93-4EEA-A4C6-00993E1B4C3D}.Release|x86.ActiveCfg = Release|Any CPU
		{0C64671B-7D93-4EEA-A4C6-00993E1B4C3D}.Release|x86.Build.0 = Release|Any CPU
		{995A1C60-A1A9-4270-8AE7-DD6196A332C3}.Debug|Any CPU.ActiveCfg = Debug|Any CPU
		{995A1C60-A1A9-4270-8AE7-DD6196A332C3}.Debug|Any CPU.Build.0 = Debug|Any CPU
		{995A1C60-A1A9-4270-8AE7-DD6196A332C3}.Debug|x64.ActiveCfg = Debug|Any CPU
		{995A1C60-A1A9-4270-8AE7-DD6196A332C3}.Debug|x64.Build.0 = Debug|Any CPU
		{995A1C60-A1A9-4270-8AE7-DD6196A332C3}.Debug|x86.ActiveCfg = Debug|Any CPU
		{995A1C60-A1A9-4270-8AE7-DD6196A332C3}.Debug|x86.Build.0 = Debug|Any CPU
		{995A1C60-A1A9-4270-8AE7-DD6196A332C3}.Release|Any CPU.ActiveCfg = Release|Any CPU
		{995A1C60-A1A9-4270-8AE7-DD6196A332C3}.Release|Any CPU.Build.0 = Release|Any CPU
		{995A1C60-A1A9-4270-8AE7-DD6196A332C3}.Release|x64.ActiveCfg = Release|Any CPU
		{995A1C60-A1A9-4270-8AE7-DD6196A332C3}.Release|x64.Build.0 = Release|Any CPU
		{995A1C60-A1A9-4270-8AE7-DD6196A332C3}.Release|x86.ActiveCfg = Release|Any CPU
		{995A1C60-A1A9-4270-8AE7-DD6196A332C3}.Release|x86.Build.0 = Release|Any CPU
		{5C27E9A6-66D5-4029-904E-30A2241BD541}.Debug|Any CPU.ActiveCfg = Debug|Any CPU
		{5C27E9A6-66D5-4029-904E-30A2241BD541}.Debug|Any CPU.Build.0 = Debug|Any CPU
		{5C27E9A6-66D5-4029-904E-30A2241BD541}.Debug|x64.ActiveCfg = Debug|Any CPU
		{5C27E9A6-66D5-4029-904E-30A2241BD541}.Debug|x64.Build.0 = Debug|Any CPU
		{5C27E9A6-66D5-4029-904E-30A2241BD541}.Debug|x86.ActiveCfg = Debug|Any CPU
		{5C27E9A6-66D5-4029-904E-30A2241BD541}.Debug|x86.Build.0 = Debug|Any CPU
		{5C27E9A6-66D5-4029-904E-30A2241BD541}.Release|Any CPU.ActiveCfg = Release|Any CPU
		{5C27E9A6-66D5-4029-904E-30A2241BD541}.Release|Any CPU.Build.0 = Release|Any CPU
		{5C27E9A6-66D5-4029-904E-30A2241BD541}.Release|x64.ActiveCfg = Release|Any CPU
		{5C27E9A6-66D5-4029-904E-30A2241BD541}.Release|x64.Build.0 = Release|Any CPU
		{5C27E9A6-66D5-4029-904E-30A2241BD541}.Release|x86.ActiveCfg = Release|Any CPU
		{5C27E9A6-66D5-4029-904E-30A2241BD541}.Release|x86.Build.0 = Release|Any CPU
		{D498436C-B1A6-4990-BDD5-29E708F019AB}.Debug|Any CPU.ActiveCfg = Debug|Any CPU
		{D498436C-B1A6-4990-BDD5-29E708F019AB}.Debug|Any CPU.Build.0 = Debug|Any CPU
		{D498436C-B1A6-4990-BDD5-29E708F019AB}.Debug|x64.ActiveCfg = Debug|Any CPU
		{D498436C-B1A6-4990-BDD5-29E708F019AB}.Debug|x64.Build.0 = Debug|Any CPU
		{D498436C-B1A6-4990-BDD5-29E708F019AB}.Debug|x86.ActiveCfg = Debug|Any CPU
		{D498436C-B1A6-4990-BDD5-29E708F019AB}.Debug|x86.Build.0 = Debug|Any CPU
		{D498436C-B1A6-4990-BDD5-29E708F019AB}.Release|Any CPU.ActiveCfg = Release|Any CPU
		{D498436C-B1A6-4990-BDD5-29E708F019AB}.Release|Any CPU.Build.0 = Release|Any CPU
		{D498436C-B1A6-4990-BDD5-29E708F019AB}.Release|x64.ActiveCfg = Release|Any CPU
		{D498436C-B1A6-4990-BDD5-29E708F019AB}.Release|x64.Build.0 = Release|Any CPU
		{D498436C-B1A6-4990-BDD5-29E708F019AB}.Release|x86.ActiveCfg = Release|Any CPU
		{D498436C-B1A6-4990-BDD5-29E708F019AB}.Release|x86.Build.0 = Release|Any CPU
		{F5F0825F-2DF8-43D5-B555-B4DEF9DA181A}.Debug|Any CPU.ActiveCfg = Debug|Any CPU
		{F5F0825F-2DF8-43D5-B555-B4DEF9DA181A}.Debug|Any CPU.Build.0 = Debug|Any CPU
		{F5F0825F-2DF8-43D5-B555-B4DEF9DA181A}.Debug|x64.ActiveCfg = Debug|Any CPU
		{F5F0825F-2DF8-43D5-B555-B4DEF9DA181A}.Debug|x64.Build.0 = Debug|Any CPU
		{F5F0825F-2DF8-43D5-B555-B4DEF9DA181A}.Debug|x86.ActiveCfg = Debug|Any CPU
		{F5F0825F-2DF8-43D5-B555-B4DEF9DA181A}.Debug|x86.Build.0 = Debug|Any CPU
		{F5F0825F-2DF8-43D5-B555-B4DEF9DA181A}.Release|Any CPU.ActiveCfg = Release|Any CPU
		{F5F0825F-2DF8-43D5-B555-B4DEF9DA181A}.Release|Any CPU.Build.0 = Release|Any CPU
		{F5F0825F-2DF8-43D5-B555-B4DEF9DA181A}.Release|x64.ActiveCfg = Release|Any CPU
		{F5F0825F-2DF8-43D5-B555-B4DEF9DA181A}.Release|x64.Build.0 = Release|Any CPU
		{F5F0825F-2DF8-43D5-B555-B4DEF9DA181A}.Release|x86.ActiveCfg = Release|Any CPU
		{F5F0825F-2DF8-43D5-B555-B4DEF9DA181A}.Release|x86.Build.0 = Release|Any CPU
	EndGlobalSection
	GlobalSection(SolutionProperties) = preSolution
		HideSolutionNode = FALSE
	EndGlobalSection
	GlobalSection(NestedProjects) = preSolution
		{8DA06D0A-6E15-4491-8671-18B3AFC97539} = {256F4E96-6A73-9ABE-786F-840C672A50F4}
		{7A47600D-49D0-4FCC-99D9-FA340A04CFD1} = {E7BDDBC6-9FD1-D1D7-ACD8-2C4F8E3D2461}
		{357A7C97-5AE1-023F-1442-0D9F9AF22A31} = {5854FF58-B8C5-05C6-5BF2-ACE42193F22B}
		{B373951F-72B0-4FBD-84CE-0AD855AE0AEA} = {357A7C97-5AE1-023F-1442-0D9F9AF22A31}
		{944ACC7E-4FFC-A2A2-09E1-98A62C66F8DB} = {5854FF58-B8C5-05C6-5BF2-ACE42193F22B}
		{2B3CBC6F-CD23-4A59-BE51-039B9F358E0C} = {944ACC7E-4FFC-A2A2-09E1-98A62C66F8DB}
		{BFF4F4B7-12C1-5B2E-7DAD-E792A8E8C1A7} = {5854FF58-B8C5-05C6-5BF2-ACE42193F22B}
		{82EFCD6F-61D7-4057-9FA6-5BE284BA0DD3} = {BFF4F4B7-12C1-5B2E-7DAD-E792A8E8C1A7}
		{3BAACA43-EC64-C367-9FAA-9C38067293A8} = {5854FF58-B8C5-05C6-5BF2-ACE42193F22B}
		{D95CDCEA-C684-401C-AE64-B99DCD6E8330} = {3BAACA43-EC64-C367-9FAA-9C38067293A8}
		{D8AFF377-A933-C61A-6A84-6680BF48FD58} = {5854FF58-B8C5-05C6-5BF2-ACE42193F22B}
		{BA5A651E-814C-4971-904D-9D2B4A919050} = {D8AFF377-A933-C61A-6A84-6680BF48FD58}
		{3DA7C33F-02F1-4BD5-A6ED-349EC00B6CE8} = {944ACC7E-4FFC-A2A2-09E1-98A62C66F8DB}
		{B680BE2E-73B6-4CAE-99E6-3820BA168CD8} = {944ACC7E-4FFC-A2A2-09E1-98A62C66F8DB}
		{F66106CA-8F20-4DF7-A91F-6B3828D03390} = {944ACC7E-4FFC-A2A2-09E1-98A62C66F8DB}
		{898DC00E-8DDA-4948-B05A-18697A07CFAF} = {357A7C97-5AE1-023F-1442-0D9F9AF22A31}
		{50F06C00-56E3-4224-837A-705F84F4B27F} = {357A7C97-5AE1-023F-1442-0D9F9AF22A31}
		{18D64BBA-239C-4F77-B4D3-6E713A4C0C4E} = {357A7C97-5AE1-023F-1442-0D9F9AF22A31}
		{65DBD87B-1166-45D3-87DC-B741BE678E28} = {BFF4F4B7-12C1-5B2E-7DAD-E792A8E8C1A7}
		{2483EE56-35FC-4E31-924C-1D9D33CA891F} = {BFF4F4B7-12C1-5B2E-7DAD-E792A8E8C1A7}
		{BE35482C-2D70-4170-9557-0AC14F812F72} = {BFF4F4B7-12C1-5B2E-7DAD-E792A8E8C1A7}
		{15F122BC-53D3-4A64-BEDF-B1BB7AA6B1FC} = {3BAACA43-EC64-C367-9FAA-9C38067293A8}
		{2D63DCF6-9EEC-4654-9E41-0EE7A2B06DDD} = {3BAACA43-EC64-C367-9FAA-9C38067293A8}
		{5329FF05-1762-4FFA-90DD-D5AA65552D44} = {3BAACA43-EC64-C367-9FAA-9C38067293A8}
		{927F8AA1-9A8F-4A77-87A3-A29FDB4BED5C} = {D8AFF377-A933-C61A-6A84-6680BF48FD58}
		{2814E393-6798-4EC9-A7B2-BE940568343A} = {D8AFF377-A933-C61A-6A84-6680BF48FD58}
		{CE766180-D4C2-4120-BC75-64FD4B6B78DD} = {D8AFF377-A933-C61A-6A84-6680BF48FD58}
		{90298CBA-BD6F-3A0A-69D5-97CAD7B05E7E} = {827E0CD3-B72D-47B6-A68D-7590B98EB39B}
		{69A53165-68E1-493D-A3A6-9DB98275C30E} = {90298CBA-BD6F-3A0A-69D5-97CAD7B05E7E}
		{1B3944EE-1D4B-4B08-A0BE-726E284357C8} = {90298CBA-BD6F-3A0A-69D5-97CAD7B05E7E}
		{9D556B49-86D1-93A7-9596-FFAAB74EC556} = {0AB3BF05-4346-4AA6-1389-037BE0695223}
		{0C64671B-7D93-4EEA-A4C6-00993E1B4C3D} = {9D556B49-86D1-93A7-9596-FFAAB74EC556}
		{984BB9B3-3FA3-BE33-9484-CAC21695A33C} = {827E0CD3-B72D-47B6-A68D-7590B98EB39B}
		{D3BAB01C-7F3F-8576-96BE-8BE70C9B9915} = {984BB9B3-3FA3-BE33-9484-CAC21695A33C}
		{995A1C60-A1A9-4270-8AE7-DD6196A332C3} = {9D556B49-86D1-93A7-9596-FFAAB74EC556}
		{5D0AC027-C8EE-3244-A029-36278C99F1B8} = {984BB9B3-3FA3-BE33-9484-CAC21695A33C}
		{875CD587-DE2F-08EE-74FB-D6BE4E474EF3} = {0AB3BF05-4346-4AA6-1389-037BE0695223}
		{5C27E9A6-66D5-4029-904E-30A2241BD541} = {875CD587-DE2F-08EE-74FB-D6BE4E474EF3}
		{1BFC9479-12BF-35C3-06B8-42D89D95092B} = {984BB9B3-3FA3-BE33-9484-CAC21695A33C}
		{C91C1CF1-1625-0789-F869-53D87D6277BA} = {984BB9B3-3FA3-BE33-9484-CAC21695A33C}
		{A9FD33CB-8A89-53B5-8D69-74AB4C88B43A} = {984BB9B3-3FA3-BE33-9484-CAC21695A33C}
		{28A6993C-471E-82FE-7D9E-AD3B1EC22BD9} = {0AB3BF05-4346-4AA6-1389-037BE0695223}
		{D498436C-B1A6-4990-BDD5-29E708F019AB} = {28A6993C-471E-82FE-7D9E-AD3B1EC22BD9}
		{F5F0825F-2DF8-43D5-B555-B4DEF9DA181A} = {90298CBA-BD6F-3A0A-69D5-97CAD7B05E7E}
	EndGlobalSection
EndGlobal
